
Microsoft Visual Studio Solution File, Format Version 12.00
# Visual Studio 15
Project("{FAE04EC0-301F-11D3-BF4B-00C04F79EFBC}") = "Desafios_academy", "Desafios_academy.csproj", "{B9B7AA4E-26A3-42A0-8DE2-8641FB5FEF1D}"
EndProject
Global
	GlobalSection(SolutionConfigurationPlatforms) = preSolution
		Debug|Any CPU = Debug|Any CPU
		Release|Any CPU = Release|Any CPU
	EndGlobalSection
	GlobalSection(ProjectConfigurationPlatforms) = postSolution
		{B9B7AA4E-26A3-42A0-8DE2-8641FB5FEF1D}.Debug|Any CPU.ActiveCfg = Debug|Any CPU
		{B9B7AA4E-26A3-42A0-8DE2-8641FB5FEF1D}.Debug|Any CPU.Build.0 = Debug|Any CPU
		{B9B7AA4E-26A3-42A0-8DE2-8641FB5FEF1D}.Release|Any CPU.ActiveCfg = Release|Any CPU
		{B9B7AA4E-26A3-42A0-8DE2-8641FB5FEF1D}.Release|Any CPU.Build.0 = Release|Any CPU
	EndGlobalSection
EndGlobal
